
Microsoft Visual Studio Solution File, Format Version 12.00
# Visual Studio Version 16
VisualStudioVersion = 16.0.31605.320
MinimumVisualStudioVersion = 10.0.40219.1
Project("{FAE04EC0-301F-11D3-BF4B-00C04F79EFBC}") = "exercicio 03 vetor", "exercicio 03 vetor\exercicio 03 vetor.csproj", "{EC469F5E-2868-4850-ADF0-679CA075565A}"
EndProject
Global
	GlobalSection(SolutionConfigurationPlatforms) = preSolution
		Debug|Any CPU = Debug|Any CPU
		Release|Any CPU = Release|Any CPU
	EndGlobalSection
	GlobalSection(ProjectConfigurationPlatforms) = postSolution
		{EC469F5E-2868-4850-ADF0-679CA075565A}.Debug|Any CPU.ActiveCfg = Debug|Any CPU
		{EC469F5E-2868-4850-ADF0-679CA075565A}.Debug|Any CPU.Build.0 = Debug|Any CPU
		{EC469F5E-2868-4850-ADF0-679CA075565A}.Release|Any CPU.ActiveCfg = Release|Any CPU
		{EC469F5E-2868-4850-ADF0-679CA075565A}.Release|Any CPU.Build.0 = Release|Any CPU
	EndGlobalSection
	GlobalSection(SolutionProperties) = preSolution
		HideSolutionNode = FALSE
	EndGlobalSection
	GlobalSection(ExtensibilityGlobals) = postSolution
		SolutionGuid = {E8433D74-464B-4191-8EB9-2279CDD7E602}
	EndGlobalSection
EndGlobal
